
Microsoft Visual Studio Solution File, Format Version 12.00
# Visual Studio Version 17
VisualStudioVersion = 17.4.33213.308
MinimumVisualStudioVersion = 10.0.40219.1
Project("{FAE04EC0-301F-11D3-BF4B-00C04F79EFBC}") = "ManageStudent.Console", "ManageStudent.Console\ManageStudent.Console.csproj", "{6B674D07-8E0E-422E-B3AF-A66288828DBC}"
EndProject
Project("{FAE04EC0-301F-11D3-BF4B-00C04F79EFBC}") = "ManageStudent.Model", "ManageStudent.Model\ManageStudent.Model.csproj", "{C7964A37-8C1A-4DBF-8021-08BD2BEC1BD0}"
EndProject
Project("{FAE04EC0-301F-11D3-BF4B-00C04F79EFBC}") = "ManageStudent.Data", "ManageStudent.Data\ManageStudent.Data.csproj", "{4499A533-74EB-4AE4-968D-29BD3695D721}"
EndProject
Project("{FAE04EC0-301F-11D3-BF4B-00C04F79EFBC}") = "ManageStudent.Service", "ManageStudent.Service\ManageStudent.Service.csproj", "{CE093654-4067-449B-A3E7-B0E53729C6F9}"
EndProject
Project("{FAE04EC0-301F-11D3-BF4B-00C04F79EFBC}") = "ManageStudent.Utilities", "ManageStudent.Utilities\ManageStudent.Utilities.csproj", "{4E0A47A8-1AA4-4056-9B71-137E1BCA5E16}"
EndProject
Global
	GlobalSection(SolutionConfigurationPlatforms) = preSolution
		Debug|Any CPU = Debug|Any CPU
		Release|Any CPU = Release|Any CPU
	EndGlobalSection
	GlobalSection(ProjectConfigurationPlatforms) = postSolution
		{6B674D07-8E0E-422E-B3AF-A66288828DBC}.Debug|Any CPU.ActiveCfg = Debug|Any CPU
		{6B674D07-8E0E-422E-B3AF-A66288828DBC}.Debug|Any CPU.Build.0 = Debug|Any CPU
		{6B674D07-8E0E-422E-B3AF-A66288828DBC}.Release|Any CPU.ActiveCfg = Release|Any CPU
		{6B674D07-8E0E-422E-B3AF-A66288828DBC}.Release|Any CPU.Build.0 = Release|Any CPU
		{C7964A37-8C1A-4DBF-8021-08BD2BEC1BD0}.Debug|Any CPU.ActiveCfg = Debug|Any CPU
		{C7964A37-8C1A-4DBF-8021-08BD2BEC1BD0}.Debug|Any CPU.Build.0 = Debug|Any CPU
		{C7964A37-8C1A-4DBF-8021-08BD2BEC1BD0}.Release|Any CPU.ActiveCfg = Release|Any CPU
		{C7964A37-8C1A-4DBF-8021-08BD2BEC1BD0}.Release|Any CPU.Build.0 = Release|Any CPU
		{4499A533-74EB-4AE4-968D-29BD3695D721}.Debug|Any CPU.ActiveCfg = Debug|Any CPU
		{4499A533-74EB-4AE4-968D-29BD3695D721}.Debug|Any CPU.Build.0 = Debug|Any CPU
		{4499A533-74EB-4AE4-968D-29BD3695D721}.Release|Any CPU.ActiveCfg = Release|Any CPU
		{4499A533-74EB-4AE4-968D-29BD3695D721}.Release|Any CPU.Build.0 = Release|Any CPU
		{CE093654-4067-449B-A3E7-B0E53729C6F9}.Debug|Any CPU.ActiveCfg = Debug|Any CPU
		{CE093654-4067-449B-A3E7-B0E53729C6F9}.Debug|Any CPU.Build.0 = Debug|Any CPU
		{CE093654-4067-449B-A3E7-B0E53729C6F9}.Release|Any CPU.ActiveCfg = Release|Any CPU
		{CE093654-4067-449B-A3E7-B0E53729C6F9}.Release|Any CPU.Build.0 = Release|Any CPU
		{4E0A47A8-1AA4-4056-9B71-137E1BCA5E16}.Debug|Any CPU.ActiveCfg = Debug|Any CPU
		{4E0A47A8-1AA4-4056-9B71-137E1BCA5E16}.Debug|Any CPU.Build.0 = Debug|Any CPU
		{4E0A47A8-1AA4-4056-9B71-137E1BCA5E16}.Release|Any CPU.ActiveCfg = Release|Any CPU
		{4E0A47A8-1AA4-4056-9B71-137E1BCA5E16}.Release|Any CPU.Build.0 = Release|Any CPU
	EndGlobalSection
	GlobalSection(SolutionProperties) = preSolution
		HideSolutionNode = FALSE
	EndGlobalSection
	GlobalSection(ExtensibilityGlobals) = postSolution
		SolutionGuid = {77D85855-5016-447B-B528-E0775F9A2759}
	EndGlobalSection
EndGlobal
