
Microsoft Visual Studio Solution File, Format Version 12.00
# Visual Studio Version 17
VisualStudioVersion = 17.2.32630.192
MinimumVisualStudioVersion = 10.0.40219.1
Project("{FAE04EC0-301F-11D3-BF4B-00C04F79EFBC}") = "GUI", "StudentManagementFITUTEHY\GUI.csproj", "{3E7C17A1-45C2-410F-9BDE-9839A95A8523}"
EndProject
Project("{FAE04EC0-301F-11D3-BF4B-00C04F79EFBC}") = "BUS", "BUS\BUS.csproj", "{31EA5D77-12E4-4FA0-94A9-721A2CD976BA}"
EndProject
Project("{FAE04EC0-301F-11D3-BF4B-00C04F79EFBC}") = "DAO", "DAO\DAO.csproj", "{4D09B201-6F88-4288-BCB6-761D4FC38D03}"
EndProject
Project("{FAE04EC0-301F-11D3-BF4B-00C04F79EFBC}") = "DTO", "DTO\DTO.csproj", "{260FB78A-DCE8-406D-88D8-9400701F278C}"
EndProject
Project("{FAE04EC0-301F-11D3-BF4B-00C04F79EFBC}") = "Common", "Common\Common.csproj", "{21466F6E-6C87-4C17-A77B-C54CBDE53C9E}"
EndProject
Global
	GlobalSection(SolutionConfigurationPlatforms) = preSolution
		Debug|Any CPU = Debug|Any CPU
		Release|Any CPU = Release|Any CPU
	EndGlobalSection
	GlobalSection(ProjectConfigurationPlatforms) = postSolution
		{3E7C17A1-45C2-410F-9BDE-9839A95A8523}.Debug|Any CPU.ActiveCfg = Debug|Any CPU
		{3E7C17A1-45C2-410F-9BDE-9839A95A8523}.Debug|Any CPU.Build.0 = Debug|Any CPU
		{3E7C17A1-45C2-410F-9BDE-9839A95A8523}.Release|Any CPU.ActiveCfg = Release|Any CPU
		{3E7C17A1-45C2-410F-9BDE-9839A95A8523}.Release|Any CPU.Build.0 = Release|Any CPU
		{31EA5D77-12E4-4FA0-94A9-721A2CD976BA}.Debug|Any CPU.ActiveCfg = Debug|Any CPU
		{31EA5D77-12E4-4FA0-94A9-721A2CD976BA}.Debug|Any CPU.Build.0 = Debug|Any CPU
		{31EA5D77-12E4-4FA0-94A9-721A2CD976BA}.Release|Any CPU.ActiveCfg = Release|Any CPU
		{31EA5D77-12E4-4FA0-94A9-721A2CD976BA}.Release|Any CPU.Build.0 = Release|Any CPU
		{4D09B201-6F88-4288-BCB6-761D4FC38D03}.Debug|Any CPU.ActiveCfg = Debug|Any CPU
		{4D09B201-6F88-4288-BCB6-761D4FC38D03}.Debug|Any CPU.Build.0 = Debug|Any CPU
		{4D09B201-6F88-4288-BCB6-761D4FC38D03}.Release|Any CPU.ActiveCfg = Release|Any CPU
		{4D09B201-6F88-4288-BCB6-761D4FC38D03}.Release|Any CPU.Build.0 = Release|Any CPU
		{260FB78A-DCE8-406D-88D8-9400701F278C}.Debug|Any CPU.ActiveCfg = Debug|Any CPU
		{260FB78A-DCE8-406D-88D8-9400701F278C}.Debug|Any CPU.Build.0 = Debug|Any CPU
		{260FB78A-DCE8-406D-88D8-9400701F278C}.Release|Any CPU.ActiveCfg = Release|Any CPU
		{260FB78A-DCE8-406D-88D8-9400701F278C}.Release|Any CPU.Build.0 = Release|Any CPU
		{21466F6E-6C87-4C17-A77B-C54CBDE53C9E}.Debug|Any CPU.ActiveCfg = Debug|Any CPU
		{21466F6E-6C87-4C17-A77B-C54CBDE53C9E}.Debug|Any CPU.Build.0 = Debug|Any CPU
		{21466F6E-6C87-4C17-A77B-C54CBDE53C9E}.Release|Any CPU.ActiveCfg = Release|Any CPU
		{21466F6E-6C87-4C17-A77B-C54CBDE53C9E}.Release|Any CPU.Build.0 = Release|Any CPU
	EndGlobalSection
	GlobalSection(SolutionProperties) = preSolution
		HideSolutionNode = FALSE
	EndGlobalSection
	GlobalSection(ExtensibilityGlobals) = postSolution
		SolutionGuid = {8CF67C5B-5AF7-4AE6-87CB-54226C4B4A68}
	EndGlobalSection
EndGlobal
